
Microsoft Visual Studio Solution File, Format Version 12.00
Project("{2150E333-8FDC-42A3-9474-1A3956D46DE8}") = "Server", "Server", "{196CF4C9-334D-4594-8A7E-F9482D5EC531}"
EndProject
Project("{FAE04EC0-301F-11D3-BF4B-00C04F79EFBC}") = "AuthServer.Core", "Server\AuthServer.Core\AuthServer.Core.csproj", "{97EABF28-D342-4339-A390-8AC054C35837}"
EndProject
Project("{FAE04EC0-301F-11D3-BF4B-00C04F79EFBC}") = "AuthServer.Data", "Server\AuthServer.Data\AuthServer.Data.csproj", "{26A7BB4D-9791-4634-8223-895920A132F8}"
EndProject
Project("{FAE04EC0-301F-11D3-BF4B-00C04F79EFBC}") = "AuthServer.Service", "Server\AuthServer.Service\AuthServer.Service.csproj", "{4208D2CE-984C-4970-9F7A-693D7468A193}"
EndProject
Project("{FAE04EC0-301F-11D3-BF4B-00C04F79EFBC}") = "AuthServer.Shared", "Server\AuthServer.Shared\AuthServer.Shared.csproj", "{5BF04D71-4ACE-4E32-9EC5-8CC7D36150BA}"
EndProject
Project("{FAE04EC0-301F-11D3-BF4B-00C04F79EFBC}") = "AuthServer.Api", "Server\AuthServer.Api\AuthServer.Api.csproj", "{7924B6B7-C38F-4F62-AEBA-C13AF5640A17}"
EndProject
Project("{2150E333-8FDC-42A3-9474-1A3956D46DE8}") = "Clients", "Clients", "{F7777DBB-DA43-421C-8A3F-058AD8FBBAD1}"
EndProject
Project("{FAE04EC0-301F-11D3-BF4B-00C04F79EFBC}") = "MiniApp1", "Clients\MiniApp1\MiniApp1.csproj", "{578A650C-306D-49C7-A80C-03BF3D3861CE}"
EndProject
Project("{FAE04EC0-301F-11D3-BF4B-00C04F79EFBC}") = "MiniApp2", "Clients\MiniApp2\MiniApp2.csproj", "{BF9AC5DA-85AE-426C-BF8D-39F416BC838F}"
EndProject
Project("{FAE04EC0-301F-11D3-BF4B-00C04F79EFBC}") = "MiniApp3", "Clients\MiniApp3\MiniApp3.csproj", "{9FFA0302-ACAC-4FD8-AAE6-6B92CA512346}"
EndProject
Global
	GlobalSection(SolutionConfigurationPlatforms) = preSolution
		Debug|Any CPU = Debug|Any CPU
		Release|Any CPU = Release|Any CPU
	EndGlobalSection
	GlobalSection(ProjectConfigurationPlatforms) = postSolution
		{97EABF28-D342-4339-A390-8AC054C35837}.Debug|Any CPU.ActiveCfg = Debug|Any CPU
		{97EABF28-D342-4339-A390-8AC054C35837}.Debug|Any CPU.Build.0 = Debug|Any CPU
		{97EABF28-D342-4339-A390-8AC054C35837}.Release|Any CPU.ActiveCfg = Release|Any CPU
		{97EABF28-D342-4339-A390-8AC054C35837}.Release|Any CPU.Build.0 = Release|Any CPU
		{26A7BB4D-9791-4634-8223-895920A132F8}.Debug|Any CPU.ActiveCfg = Debug|Any CPU
		{26A7BB4D-9791-4634-8223-895920A132F8}.Debug|Any CPU.Build.0 = Debug|Any CPU
		{26A7BB4D-9791-4634-8223-895920A132F8}.Release|Any CPU.ActiveCfg = Release|Any CPU
		{26A7BB4D-9791-4634-8223-895920A132F8}.Release|Any CPU.Build.0 = Release|Any CPU
		{4208D2CE-984C-4970-9F7A-693D7468A193}.Debug|Any CPU.ActiveCfg = Debug|Any CPU
		{4208D2CE-984C-4970-9F7A-693D7468A193}.Debug|Any CPU.Build.0 = Debug|Any CPU
		{4208D2CE-984C-4970-9F7A-693D7468A193}.Release|Any CPU.ActiveCfg = Release|Any CPU
		{4208D2CE-984C-4970-9F7A-693D7468A193}.Release|Any CPU.Build.0 = Release|Any CPU
		{5BF04D71-4ACE-4E32-9EC5-8CC7D36150BA}.Debug|Any CPU.ActiveCfg = Debug|Any CPU
		{5BF04D71-4ACE-4E32-9EC5-8CC7D36150BA}.Debug|Any CPU.Build.0 = Debug|Any CPU
		{5BF04D71-4ACE-4E32-9EC5-8CC7D36150BA}.Release|Any CPU.ActiveCfg = Release|Any CPU
		{5BF04D71-4ACE-4E32-9EC5-8CC7D36150BA}.Release|Any CPU.Build.0 = Release|Any CPU
		{7924B6B7-C38F-4F62-AEBA-C13AF5640A17}.Debug|Any CPU.ActiveCfg = Debug|Any CPU
		{7924B6B7-C38F-4F62-AEBA-C13AF5640A17}.Debug|Any CPU.Build.0 = Debug|Any CPU
		{7924B6B7-C38F-4F62-AEBA-C13AF5640A17}.Release|Any CPU.ActiveCfg = Release|Any CPU
		{7924B6B7-C38F-4F62-AEBA-C13AF5640A17}.Release|Any CPU.Build.0 = Release|Any CPU
		{578A650C-306D-49C7-A80C-03BF3D3861CE}.Debug|Any CPU.ActiveCfg = Debug|Any CPU
		{578A650C-306D-49C7-A80C-03BF3D3861CE}.Debug|Any CPU.Build.0 = Debug|Any CPU
		{578A650C-306D-49C7-A80C-03BF3D3861CE}.Release|Any CPU.ActiveCfg = Release|Any CPU
		{578A650C-306D-49C7-A80C-03BF3D3861CE}.Release|Any CPU.Build.0 = Release|Any CPU
		{BF9AC5DA-85AE-426C-BF8D-39F416BC838F}.Debug|Any CPU.ActiveCfg = Debug|Any CPU
		{BF9AC5DA-85AE-426C-BF8D-39F416BC838F}.Debug|Any CPU.Build.0 = Debug|Any CPU
		{BF9AC5DA-85AE-426C-BF8D-39F416BC838F}.Release|Any CPU.ActiveCfg = Release|Any CPU
		{BF9AC5DA-85AE-426C-BF8D-39F416BC838F}.Release|Any CPU.Build.0 = Release|Any CPU
		{9FFA0302-ACAC-4FD8-AAE6-6B92CA512346}.Debug|Any CPU.ActiveCfg = Debug|Any CPU
		{9FFA0302-ACAC-4FD8-AAE6-6B92CA512346}.Debug|Any CPU.Build.0 = Debug|Any CPU
		{9FFA0302-ACAC-4FD8-AAE6-6B92CA512346}.Release|Any CPU.ActiveCfg = Release|Any CPU
		{9FFA0302-ACAC-4FD8-AAE6-6B92CA512346}.Release|Any CPU.Build.0 = Release|Any CPU
	EndGlobalSection
	GlobalSection(NestedProjects) = preSolution
		{97EABF28-D342-4339-A390-8AC054C35837} = {196CF4C9-334D-4594-8A7E-F9482D5EC531}
		{26A7BB4D-9791-4634-8223-895920A132F8} = {196CF4C9-334D-4594-8A7E-F9482D5EC531}
		{4208D2CE-984C-4970-9F7A-693D7468A193} = {196CF4C9-334D-4594-8A7E-F9482D5EC531}
		{5BF04D71-4ACE-4E32-9EC5-8CC7D36150BA} = {196CF4C9-334D-4594-8A7E-F9482D5EC531}
		{7924B6B7-C38F-4F62-AEBA-C13AF5640A17} = {196CF4C9-334D-4594-8A7E-F9482D5EC531}
		{578A650C-306D-49C7-A80C-03BF3D3861CE} = {F7777DBB-DA43-421C-8A3F-058AD8FBBAD1}
		{BF9AC5DA-85AE-426C-BF8D-39F416BC838F} = {F7777DBB-DA43-421C-8A3F-058AD8FBBAD1}
		{9FFA0302-ACAC-4FD8-AAE6-6B92CA512346} = {F7777DBB-DA43-421C-8A3F-058AD8FBBAD1}
	EndGlobalSection
EndGlobal
